Microsoft Visual Studio Solution File, Format Version 12.00
# Visual Studio Version 17
VisualStudioVersion = 17.8.34330.188
MinimumVisualStudioVersion = 10.0.40219.1
Project("{FAE04EC0-301F-11D3-BF4B-00C04F79EFBC}") = "SRAYSScoreboard", "SRAYSScoreboard\SRAYSScoreboard.csproj", "{A72CDF9A-2E29-4BDF-B329-2306131213E4}"
EndProject
Global
	GlobalSection(SolutionConfigurationPlatforms) = preSolution
		Debug|Any CPU = Debug|Any CPU
		Release|Any CPU = Release|Any CPU
	EndGlobalSection
	GlobalSection(ProjectConfigurationPlatforms) = postSolution
		{A72CDF9A-2E29-4BDF-B329-2306131213E4}.Debug|Any CPU.ActiveCfg = Debug|Any CPU
		{A72CDF9A-2E29-4BDF-B329-2306131213E4}.Debug|Any CPU.Build.0 = Debug|Any CPU
		{A72CDF9A-2E29-4BDF-B329-2306131213E4}.Release|Any CPU.ActiveCfg = Release|Any CPU
		{A72CDF9A-2E29-4BDF-B329-2306131213E4}.Release|Any CPU.Build.0 = Release|Any CPU
	EndGlobalSection
	GlobalSection(SolutionProperties) = preSolution
		HideSolutionNode = FALSE
	EndGlobalSection
	GlobalSection(ExtensibilityGlobals) = postSolution
		SolutionGuid = {11751E90-289D-470A-BF33-425EF724F3A1}
	EndGlobalSection
EndGlobal
